
Microsoft Visual Studio Solution File, Format Version 12.00
# Visual Studio Version 16
VisualStudioVersion = 16.0.30104.148
MinimumVisualStudioVersion = 10.0.40219.1
Project("{FAE04EC0-301F-11D3-BF4B-00C04F79EFBC}") = "AmandeepSehgal_FinalExam", "AmandeepSehgal_FinalExam\AmandeepSehgal_FinalExam.csproj", "{25335FFF-227C-4FA5-92B6-02FE198EB4A5}"
EndProject
Global
	GlobalSection(SolutionConfigurationPlatforms) = preSolution
		Debug|Any CPU = Debug|Any CPU
		Release|Any CPU = Release|Any CPU
	EndGlobalSection
	GlobalSection(ProjectConfigurationPlatforms) = postSolution
		{25335FFF-227C-4FA5-92B6-02FE198EB4A5}.Debug|Any CPU.ActiveCfg = Debug|Any CPU
		{25335FFF-227C-4FA5-92B6-02FE198EB4A5}.Debug|Any CPU.Build.0 = Debug|Any CPU
		{25335FFF-227C-4FA5-92B6-02FE198EB4A5}.Release|Any CPU.ActiveCfg = Release|Any CPU
		{25335FFF-227C-4FA5-92B6-02FE198EB4A5}.Release|Any CPU.Build.0 = Release|Any CPU
	EndGlobalSection
	GlobalSection(SolutionProperties) = preSolution
		HideSolutionNode = FALSE
	EndGlobalSection
	GlobalSection(ExtensibilityGlobals) = postSolution
		SolutionGuid = {4475CF86-C861-4567-8A78-0B305296A6FC}
	EndGlobalSection
EndGlobal
